// !$*UTF8*$!
{
	archiveVersion = 1;
	classes = {
	};
	objectVersion = 55;
	objects = {

/* Begin PBXBuildFile section */
		0CD1383D5397D25F5ABBE503 /* Pods_HealthQR.framework in Frameworks */ = {isa = PBXBuildFile; fileRef = 13DA33681CB4D0EC273531B0 /* Pods_HealthQR.framework */; };
		C755E35727CB90AA00E6F5BA /* Constants.swift in Sources */ = {isa = PBXBuildFile; fileRef = C755E35627CB90AA00E6F5BA /* Constants.swift */; };
		C755E35927CB919300E6F5BA /* Extensions.swift in Sources */ = {isa = PBXBuildFile; fileRef = C755E35827CB919300E6F5BA /* Extensions.swift */; };
		C755E35B27CB9D4600E6F5BA /* SmartHealthCard.swift in Sources */ = {isa = PBXBuildFile; fileRef = C755E35A27CB9D4600E6F5BA /* SmartHealthCard.swift */; };
		C7A6A06627CA79CE0048B7B4 /* DatabaseManager.swift in Sources */ = {isa = PBXBuildFile; fileRef = C7A6A06527CA79CE0048B7B4 /* DatabaseManager.swift */; };
		C7A6A06827CA7CDA0048B7B4 /* Common.swift in Sources */ = {isa = PBXBuildFile; fileRef = C7A6A06727CA7CDA0048B7B4 /* Common.swift */; };
		C7C90BA427CB84C8008F6CFC /* db.db in Resources */ = {isa = PBXBuildFile; fileRef = C7C90BA327CB84C7008F6CFC /* db.db */; };
		C7C90BA627CB85EF008F6CFC /* CustomButton.swift in Sources */ = {isa = PBXBuildFile; fileRef = C7C90BA527CB85EF008F6CFC /* CustomButton.swift */; };
		C7F4E3AD27CA4C2E0046B86E /* AppDelegate.swift in Sources */ = {isa = PBXBuildFile; fileRef = C7F4E3AC27CA4C2E0046B86E /* AppDelegate.swift */; };
		C7F4E3AF27CA4C2E0046B86E /* SceneDelegate.swift in Sources */ = {isa = PBXBuildFile; fileRef = C7F4E3AE27CA4C2E0046B86E /* SceneDelegate.swift */; };
		C7F4E3B127CA4C2E0046B86E /* ViewController.swift in Sources */ = {isa = PBXBuildFile; fileRef = C7F4E3B027CA4C2E0046B86E /* ViewController.swift */; };
		C7F4E3B427CA4C2E0046B86E /* Main.storyboard in Resources */ = {isa = PBXBuildFile; fileRef = C7F4E3B227CA4C2E0046B86E /* Main.storyboard */; };
		C7F4E3B627CA4C2F0046B86E /* Assets.xcassets in Resources */ = {isa = PBXBuildFile; fileRef = C7F4E3B527CA4C2F0046B86E /* Assets.xcassets */; };
		C7F4E3B927CA4C2F0046B86E /* LaunchScreen.storyboard in Resources */ = {isa = PBXBuildFile; fileRef = C7F4E3B727CA4C2F0046B86E /* LaunchScreen.storyboard */; };
		C7F4E3C627CA52BB0046B86E /* SettingsViewController.swift in Sources */ = {isa = PBXBuildFile; fileRef = C7F4E3C527CA52BB0046B86E /* SettingsViewController.swift */; };
		C7F4E3C927CA57550046B86E /* Theme.swift in Sources */ = {isa = PBXBuildFile; fileRef = C7F4E3C827CA57550046B86E /* Theme.swift */; };
/* End PBXBuildFile section */

/* Begin PBXFileReference section */
		13DA33681CB4D0EC273531B0 /* Pods_HealthQR.framework */ = {isa = PBXFileReference; explicitFileType = wrapper.framework; includeInIndex = 0; path = Pods_HealthQR.framework; sourceTree = BUILT_PRODUCTS_DIR; };
		C755E35627CB90AA00E6F5BA /* Constants.swift */ = {isa = PBXFileReference; lastKnownFileType = sourcecode.swift; path = Constants.swift; sourceTree = "<group>"; };
		C755E35827CB919300E6F5BA /* Extensions.swift */ = {isa = PBXFileReference; lastKnownFileType = sourcecode.swift; path = Extensions.swift; sourceTree = "<group>"; };
		C755E35A27CB9D4600E6F5BA /* SmartHealthCard.swift */ = {isa = PBXFileReference; lastKnownFileType = sourcecode.swift; path = SmartHealthCard.swift; sourceTree = "<group>"; };
		C7A6A06527CA79CE0048B7B4 /* DatabaseManager.swift */ = {isa = PBXFileReference; lastKnownFileType = sourcecode.swift; path = DatabaseManager.swift; sourceTree = "<group>"; };
		C7A6A06727CA7CDA0048B7B4 /* Common.swift */ = {isa = PBXFileReference; lastKnownFileType = sourcecode.swift; path = Common.swift; sourceTree = "<group>"; };
		C7C90BA327CB84C7008F6CFC /* db.db */ = {isa = PBXFileReference; lastKnownFileType = file; path = db.db; sourceTree = "<group>"; };
		C7C90BA527CB85EF008F6CFC /* CustomButton.swift */ = {isa = PBXFileReference; lastKnownFileType = sourcecode.swift; path = CustomButton.swift; sourceTree = "<group>"; };
		C7F4E3A927CA4C2E0046B86E /* HealthQR.app */ = {isa = PBXFileReference; explicitFileType = wrapper.application; includeInIndex = 0; path = HealthQR.app; sourceTree = BUILT_PRODUCTS_DIR; };
		C7F4E3AC27CA4C2E0046B86E /* AppDelegate.swift */ = {isa = PBXFileReference; lastKnownFileType = sourcecode.swift; path = AppDelegate.swift; sourceTree = "<group>"; };
		C7F4E3AE27CA4C2E0046B86E /* SceneDelegate.swift */ = {isa = PBXFileReference; lastKnownFileType = sourcecode.swift; path = SceneDelegate.swift; sourceTree = "<group>"; };
		C7F4E3B027CA4C2E0046B86E /* ViewController.swift */ = {isa = PBXFileReference; lastKnownFileType = sourcecode.swift; path = ViewController.swift; sourceTree = "<group>"; };
		C7F4E3B327CA4C2E0046B86E /* Base */ = {isa = PBXFileReference; lastKnownFileType = file.storyboard; name = Base; path = Base.lproj/Main.storyboard; sourceTree = "<group>"; };
		C7F4E3B527CA4C2F0046B86E /* Assets.xcassets */ = {isa = PBXFileReference; lastKnownFileType = folder.assetcatalog; path = Assets.xcassets; sourceTree = "<group>"; };
		C7F4E3B827CA4C2F0046B86E /* Base */ = {isa = PBXFileReference; lastKnownFileType = file.storyboard; name = Base; path = Base.lproj/LaunchScreen.storyboard; sourceTree = "<group>"; };
		C7F4E3BA27CA4C2F0046B86E /* Info.plist */ = {isa = PBXFileReference; lastKnownFileType = text.plist.xml; path = Info.plist; sourceTree = "<group>"; };
		C7F4E3C527CA52BB0046B86E /* SettingsViewController.swift */ = {isa = PBXFileReference; lastKnownFileType = sourcecode.swift; path = SettingsViewController.swift; sourceTree = "<group>"; };
		C7F4E3C827CA57550046B86E /* Theme.swift */ = {isa = PBXFileReference; lastKnownFileType = sourcecode.swift; path = Theme.swift; sourceTree = "<group>"; };
		CF1149893C72EA68DC9BF623 /* Pods-HealthQR.debug.xcconfig */ = {isa = PBXFileReference; includeInIndex = 1; lastKnownFileType = text.xcconfig; name = "Pods-HealthQR.debug.xcconfig"; path = "Target Support Files/Pods-HealthQR/Pods-HealthQR.debug.xcconfig"; sourceTree = "<group>"; };
		F8814CE2D0C6A7027B0EB917 /* Pods-HealthQR.release.xcconfig */ = {isa = PBXFileReference; includeInIndex = 1; lastKnownFileType = text.xcconfig; name = "Pods-HealthQR.release.xcconfig"; path = "Target Support Files/Pods-HealthQR/Pods-HealthQR.release.xcconfig"; sourceTree = "<group>"; };
/* End PBXFileReference section */

/* Begin PBXFrameworksBuildPhase section */
		C7F4E3A627CA4C2E0046B86E /* Frameworks */ = {
			isa = PBXFrameworksBuildPhase;
			buildActionMask = 2147483647;
			files = (
				0CD1383D5397D25F5ABBE503 /* Pods_HealthQR.framework in Frameworks */,
			);
			runOnlyForDeploymentPostprocessing = 0;
		};
/* End PBXFrameworksBuildPhase section */

/* Begin PBXGroup section */
		67DCA29E803B7EC7B3B47F21 /* Pods */ = {
			isa = PBXGroup;
			children = (
				CF1149893C72EA68DC9BF623 /* Pods-HealthQR.debug.xcconfig */,
				F8814CE2D0C6A7027B0EB917 /* Pods-HealthQR.release.xcconfig */,
			);
			path = Pods;
			sourceTree = "<group>";
		};
		75B9EB1DEFAB0BA18F314889 /* Frameworks */ = {
			isa = PBXGroup;
			children = (
				13DA33681CB4D0EC273531B0 /* Pods_HealthQR.framework */,
			);
			name = Frameworks;
			sourceTree = "<group>";
		};
		C7A6A06127CA782F0048B7B4 /* Database */ = {
			isa = PBXGroup;
			children = (
				C7C90BA227CB84C7008F6CFC /* db */,
			);
			path = Database;
			sourceTree = "<group>";
		};
		C7C90BA227CB84C7008F6CFC /* db */ = {
			isa = PBXGroup;
			children = (
				C7C90BA327CB84C7008F6CFC /* db.db */,
			);
			path = db;
			sourceTree = "<group>";
		};
		C7F4E3A027CA4C2E0046B86E = {
			isa = PBXGroup;
			children = (
				C7F4E3AB27CA4C2E0046B86E /* HealthQR */,
				C7F4E3AA27CA4C2E0046B86E /* Products */,
				67DCA29E803B7EC7B3B47F21 /* Pods */,
				75B9EB1DEFAB0BA18F314889 /* Frameworks */,
			);
			sourceTree = "<group>";
		};
		C7F4E3AA27CA4C2E0046B86E /* Products */ = {
			isa = PBXGroup;
			children = (
				C7F4E3A927CA4C2E0046B86E /* HealthQR.app */,
			);
			name = Products;
			sourceTree = "<group>";
		};
		C7F4E3AB27CA4C2E0046B86E /* HealthQR */ = {
			isa = PBXGroup;
			children = (
				C7F4E3C227CA4D960046B86E /* Main Delegates */,
				C7A6A06127CA782F0048B7B4 /* Database */,
				C7F4E3C727CA57350046B86E /* Helpers */,
				C7F4E3C127CA4D8E0046B86E /* Controllers */,
				C7F4E3C327CA4DC50046B86E /* Views */,
				C7F4E3C027CA4D880046B86E /* StoryBoards */,
				C7F4E3C427CA4DCF0046B86E /* Models */,
				C7F4E3B527CA4C2F0046B86E /* Assets.xcassets */,
				C7F4E3BA27CA4C2F0046B86E /* Info.plist */,
			);
			path = HealthQR;
			sourceTree = "<group>";
		};
		C7F4E3C027CA4D880046B86E /* StoryBoards */ = {
			isa = PBXGroup;
			children = (
				C7F4E3B227CA4C2E0046B86E /* Main.storyboard */,
				C7F4E3B727CA4C2F0046B86E /* LaunchScreen.storyboard */,
			);
			path = StoryBoards;
			sourceTree = "<group>";
		};
		C7F4E3C127CA4D8E0046B86E /* Controllers */ = {
			isa = PBXGroup;
			children = (
				C7F4E3B027CA4C2E0046B86E /* ViewController.swift */,
				C7F4E3C527CA52BB0046B86E /* SettingsViewController.swift */,
			);
			path = Controllers;
			sourceTree = "<group>";
		};
		C7F4E3C227CA4D960046B86E /* Main Delegates */ = {
			isa = PBXGroup;
			children = (
				C7F4E3AC27CA4C2E0046B86E /* AppDelegate.swift */,
				C7F4E3AE27CA4C2E0046B86E /* SceneDelegate.swift */,
			);
			path = "Main Delegates";
			sourceTree = "<group>";
		};
		C7F4E3C327CA4DC50046B86E /* Views */ = {
			isa = PBXGroup;
			children = (
				C7C90BA527CB85EF008F6CFC /* CustomButton.swift */,
			);
			path = Views;
			sourceTree = "<group>";
		};
		C7F4E3C427CA4DCF0046B86E /* Models */ = {
			isa = PBXGroup;
			children = (
				C755E35A27CB9D4600E6F5BA /* SmartHealthCard.swift */,
			);
			path = Models;
			sourceTree = "<group>";
		};
		C7F4E3C727CA57350046B86E /* Helpers */ = {
			isa = PBXGroup;
			children = (
				C7F4E3C827CA57550046B86E /* Theme.swift */,
				C7A6A06527CA79CE0048B7B4 /* DatabaseManager.swift */,
				C7A6A06727CA7CDA0048B7B4 /* Common.swift */,
				C755E35627CB90AA00E6F5BA /* Constants.swift */,
				C755E35827CB919300E6F5BA /* Extensions.swift */,
			);
			path = Helpers;
			sourceTree = "<group>";
		};
/* End PBXGroup section */

/* Begin PBXNativeTarget section */
		C7F4E3A827CA4C2E0046B86E /* HealthQR */ = {
			isa = PBXNativeTarget;
			buildConfigurationList = C7F4E3BD27CA4C2F0046B86E /* Build configuration list for PBXNativeTarget "HealthQR" */;
			buildPhases = (
				F23ABBF3371FAC790CE696FC /* [CP] Check Pods Manifest.lock */,
				C7F4E3A527CA4C2E0046B86E /* Sources */,
				C7F4E3A627CA4C2E0046B86E /* Frameworks */,
				C7F4E3A727CA4C2E0046B86E /* Resources */,
				E4A5062B1E2E096A6CA84E8A /* [CP] Embed Pods Frameworks */,
			);
			buildRules = (
			);
			dependencies = (
			);
			name = HealthQR;
			productName = HealthQR;
			productReference = C7F4E3A927CA4C2E0046B86E /* HealthQR.app */;
			productType = "com.apple.product-type.application";
		};
/* End PBXNativeTarget section */

/* Begin PBXProject section */
		C7F4E3A127CA4C2E0046B86E /* Project object */ = {
			isa = PBXProject;
			attributes = {
				BuildIndependentTargetsInParallel = 1;
				LastSwiftUpdateCheck = 1320;
				LastUpgradeCheck = 1320;
				TargetAttributes = {
					C7F4E3A827CA4C2E0046B86E = {
						CreatedOnToolsVersion = 13.2.1;
					};
				};
			};
			buildConfigurationList = C7F4E3A427CA4C2E0046B86E /* Build configuration list for PBXProject "HealthQR" */;
			compatibilityVersion = "Xcode 13.0";
			developmentRegion = en;
			hasScannedForEncodings = 0;
			knownRegions = (
				en,
				Base,
			);
			mainGroup = C7F4E3A027CA4C2E0046B86E;
			productRefGroup = C7F4E3AA27CA4C2E0046B86E /* Products */;
			projectDirPath = "";
			projectRoot = "";
			targets = (
				C7F4E3A827CA4C2E0046B86E /* HealthQR */,
			);
		};
/* End PBXProject section */

/* Begin PBXResourcesBuildPhase section */
		C7F4E3A727CA4C2E0046B86E /* Resources */ = {
			isa = PBXResourcesBuildPhase;
			buildActionMask = 2147483647;
			files = (
				C7F4E3B927CA4C2F0046B86E /* LaunchScreen.storyboard in Resources */,
				C7F4E3B627CA4C2F0046B86E /* Assets.xcassets in Resources */,
				C7F4E3B427CA4C2E0046B86E /* Main.storyboard in Resources */,
				C7C90BA427CB84C8008F6CFC /* db.db in Resources */,
			);
			runOnlyForDeploymentPostprocessing = 0;
		};
/* End PBXResourcesBuildPhase section */

/* Begin PBXShellScriptBuildPhase section */
		E4A5062B1E2E096A6CA84E8A /* [CP] Embed Pods Frameworks */ = {
			isa = PBXShellScriptBuildPhase;
			buildActionMask = 2147483647;
			files = (
			);
			inputFileListPaths = (
				"${PODS_ROOT}/Target Support Files/Pods-HealthQR/Pods-HealthQR-frameworks-${CONFIGURATION}-input-files.xcfilelist",
			);
			name = "[CP] Embed Pods Frameworks";
			outputFileListPaths = (
				"${PODS_ROOT}/Target Support Files/Pods-HealthQR/Pods-HealthQR-frameworks-${CONFIGURATION}-output-files.xcfilelist",
			);
			runOnlyForDeploymentPostprocessing = 0;
			shellPath = /bin/sh;
			shellScript = "\"${PODS_ROOT}/Target Support Files/Pods-HealthQR/Pods-HealthQR-frameworks.sh\"\n";
			showEnvVarsInLog = 0;
		};
		F23ABBF3371FAC790CE696FC /* [CP] Check Pods Manifest.lock */ = {
			isa = PBXShellScriptBuildPhase;
			buildActionMask = 2147483647;
			files = (
			);
			inputFileListPaths = (
			);
			inputPaths = (
				"${PODS_PODFILE_DIR_PATH}/Podfile.lock",
				"${PODS_ROOT}/Manifest.lock",
			);
			name = "[CP] Check Pods Manifest.lock";
			outputFileListPaths = (
			);
			outputPaths = (
				"$(DERIVED_FILE_DIR)/Pods-HealthQR-checkManifestLockResult.txt",
			);
			runOnlyForDeploymentPostprocessing = 0;
			shellPath = /bin/sh;
			shellScript = "diff \"${PODS_PODFILE_DIR_PATH}/Podfile.lock\" \"${PODS_ROOT}/Manifest.lock\" > /dev/null\nif [ $? != 0 ] ; then\n    # print error to STDERR\n    echo \"error: The sandbox is not in sync with the Podfile.lock. Run 'pod install' or update your CocoaPods installation.\" >&2\n    exit 1\nfi\n# This output is used by Xcode 'outputs' to avoid re-running this script phase.\necho \"SUCCESS\" > \"${SCRIPT_OUTPUT_FILE_0}\"\n";
			showEnvVarsInLog = 0;
		};
/* End PBXShellScriptBuildPhase section */

/* Begin PBXSourcesBuildPhase section */
		C7F4E3A527CA4C2E0046B86E /* Sources */ = {
			isa = PBXSourcesBuildPhase;
			buildActionMask = 2147483647;
			files = (
				C7F4E3B127CA4C2E0046B86E /* ViewController.swift in Sources */,
				C7F4E3AD27CA4C2E0046B86E /* AppDelegate.swift in Sources */,
				C755E35B27CB9D4600E6F5BA /* SmartHealthCard.swift in Sources */,
				C7A6A06627CA79CE0048B7B4 /* DatabaseManager.swift in Sources */,
				C7F4E3C927CA57550046B86E /* Theme.swift in Sources */,
				C7C90BA627CB85EF008F6CFC /* CustomButton.swift in Sources */,
				C755E35927CB919300E6F5BA /* Extensions.swift in Sources */,
				C7F4E3AF27CA4C2E0046B86E /* SceneDelegate.swift in Sources */,
				C7F4E3C627CA52BB0046B86E /* SettingsViewController.swift in Sources */,
				C7A6A06827CA7CDA0048B7B4 /* Common.swift in Sources */,
				C755E35727CB90AA00E6F5BA /* Constants.swift in Sources */,
			);
			runOnlyForDeploymentPostprocessing = 0;
		};
/* End PBXSourcesBuildPhase section */

/* Begin PBXVariantGroup section */
		C7F4E3B227CA4C2E0046B86E /* Main.storyboard */ = {
			isa = PBXVariantGroup;
			children = (
				C7F4E3B327CA4C2E0046B86E /* Base */,
			);
			name = Main.storyboard;
			sourceTree = "<group>";
		};
		C7F4E3B727CA4C2F0046B86E /* LaunchScreen.storyboard */ = {
			isa = PBXVariantGroup;
			children = (
				C7F4E3B827CA4C2F0046B86E /* Base */,
			);
			name = LaunchScreen.storyboard;
			sourceTree = "<group>";
		};
/* End PBXVariantGroup section */

/* Begin XCBuildConfiguration section */
		C7F4E3BB27CA4C2F0046B86E /* Debug */ = {
			isa = XCBuildConfiguration;
			buildSettings = {
				ALWAYS_SEARCH_USER_PATHS = NO;
				CLANG_ANALYZER_NONNULL = YES;
				CLANG_ANALYZER_NUMBER_OBJECT_CONVERSION = YES_AGGRESSIVE;
				CLANG_CXX_LANGUAGE_STANDARD = "gnu++17";
				CLANG_CXX_LIBRARY = "libc++";
				CLANG_ENABLE_MODULES = YES;
				CLANG_ENABLE_OBJC_ARC = YES;
				CLANG_ENABLE_OBJC_WEAK = YES;
				CLANG_WARN_BLOCK_CAPTURE_AUTORELEASING = YES;
				CLANG_WARN_BOOL_CONVERSION = YES;
				CLANG_WARN_COMMA = YES;
				CLANG_WARN_CONSTANT_CONVERSION = YES;
				CLANG_WARN_DEPRECATED_OBJC_IMPLEMENTATIONS = YES;
				CLANG_WARN_DIRECT_OBJC_ISA_USAGE = YES_ERROR;
				CLANG_WARN_DOCUMENTATION_COMMENTS = YES;
				CLANG_WARN_EMPTY_BODY = YES;
				CLANG_WARN_ENUM_CONVERSION = YES;
				CLANG_WARN_INFINITE_RECURSION = YES;
				CLANG_WARN_INT_CONVERSION = YES;
				CLANG_WARN_NON_LITERAL_NULL_CONVERSION = YES;
				CLANG_WARN_OBJC_IMPLICIT_RETAIN_SELF = YES;
				CLANG_WARN_OBJC_LITERAL_CONVERSION = YES;
				CLANG_WARN_OBJC_ROOT_CLASS = YES_ERROR;
				CLANG_WARN_QUOTED_INCLUDE_IN_FRAMEWORK_HEADER = YES;
				CLANG_WARN_RANGE_LOOP_ANALYSIS = YES;
				CLANG_WARN_STRICT_PROTOTYPES = YES;
				CLANG_WARN_SUSPICIOUS_MOVE = YES;
				CLANG_WARN_UNGUARDED_AVAILABILITY = YES_AGGRESSIVE;
				CLANG_WARN_UNREACHABLE_CODE = YES;
				CLANG_WARN__DUPLICATE_METHOD_MATCH = YES;
				COPY_PHASE_STRIP = NO;
				DEBUG_INFORMATION_FORMAT = dwarf;
				ENABLE_STRICT_OBJC_MSGSEND = YES;
				ENABLE_TESTABILITY = YES;
				GCC_C_LANGUAGE_STANDARD = gnu11;
				GCC_DYNAMIC_NO_PIC = NO;
				GCC_NO_COMMON_BLOCKS = YES;
				GCC_OPTIMIZATION_LEVEL = 0;
				GCC_PREPROCESSOR_DEFINITIONS = (
					"DEBUG=1",
					"$(inherited)",
				);
				GCC_WARN_64_TO_32_BIT_CONVERSION = YES;
				GCC_WARN_ABOUT_RETURN_TYPE = YES_ERROR;
				GCC_WARN_UNDECLARED_SELECTOR = YES;
				GCC_WARN_UNINITIALIZED_AUTOS = YES_AGGRESSIVE;
				GCC_WARN_UNUSED_FUNCTION = YES;
				GCC_WARN_UNUSED_VARIABLE = YES;
				IPHONEOS_DEPLOYMENT_TARGET = 15.2;
				MTL_ENABLE_DEBUG_INFO = INCLUDE_SOURCE;
				MTL_FAST_MATH = YES;
				ONLY_ACTIVE_ARCH = YES;
				SDKROOT = iphoneos;
				SWIFT_ACTIVE_COMPILATION_CONDITIONS = DEBUG;
				SWIFT_OPTIMIZATION_LEVEL = "-Onone";
			};
			name = Debug;
		};
		C7F4E3BC27CA4C2F0046B86E /* Release */ = {
			isa = XCBuildConfiguration;
			buildSettings = {
				ALWAYS_SEARCH_USER_PATHS = NO;
				CLANG_ANALYZER_NONNULL = YES;
				CLANG_ANALYZER_NUMBER_OBJECT_CONVERSION = YES_AGGRESSIVE;
				CLANG_CXX_LANGUAGE_STANDARD = "gnu++17";
				CLANG_CXX_LIBRARY = "libc++";
				CLANG_ENABLE_MODULES = YES;
				CLANG_ENABLE_OBJC_ARC = YES;
				CLANG_ENABLE_OBJC_WEAK = YES;
				CLANG_WARN_BLOCK_CAPTURE_AUTORELEASING = YES;
				CLANG_WARN_BOOL_CONVERSION = YES;
				CLANG_WARN_COMMA = YES;
				CLANG_WARN_CONSTANT_CONVERSION = YES;
				CLANG_WARN_DEPRECATED_OBJC_IMPLEMENTATIONS = YES;
				CLANG_WARN_DIRECT_OBJC_ISA_USAGE = YES_ERROR;
				CLANG_WARN_DOCUMENTATION_COMMENTS = YES;
				CLANG_WARN_EMPTY_BODY = YES;
				CLANG_WARN_ENUM_CONVERSION = YES;
				CLANG_WARN_INFINITE_RECURSION = YES;
				CLANG_WARN_INT_CONVERSION = YES;
				CLANG_WARN_NON_LITERAL_NULL_CONVERSION = YES;
				CLANG_WARN_OBJC_IMPLICIT_RETAIN_SELF = YES;
				CLANG_WARN_OBJC_LITERAL_CONVERSION = YES;
				CLANG_WARN_OBJC_ROOT_CLASS = YES_ERROR;
				CLANG_WARN_QUOTED_INCLUDE_IN_FRAMEWORK_HEADER = YES;
				CLANG_WARN_RANGE_LOOP_ANALYSIS = YES;
				CLANG_WARN_STRICT_PROTOTYPES = YES;
				CLANG_WARN_SUSPICIOUS_MOVE = YES;
				CLANG_WARN_UNGUARDED_AVAILABILITY = YES_AGGRESSIVE;
				CLANG_WARN_UNREACHABLE_CODE = YES;
				CLANG_WARN__DUPLICATE_METHOD_MATCH = YES;
				COPY_PHASE_STRIP = NO;
				DEBUG_INFORMATION_FORMAT = "dwarf-with-dsym";
				ENABLE_NS_ASSERTIONS = NO;
				ENABLE_STRICT_OBJC_MSGSEND = YES;
				GCC_C_LANGUAGE_STANDARD = gnu11;
				GCC_NO_COMMON_BLOCKS = YES;
				GCC_WARN_64_TO_32_BIT_CONVERSION = YES;
				GCC_WARN_ABOUT_RETURN_TYPE = YES_ERROR;
				GCC_WARN_UNDECLARED_SELECTOR = YES;
				GCC_WARN_UNINITIALIZED_AUTOS = YES_AGGRESSIVE;
				GCC_WARN_UNUSED_FUNCTION = YES;
				GCC_WARN_UNUSED_VARIABLE = YES;
				IPHONEOS_DEPLOYMENT_TARGET = 15.2;
				MTL_ENABLE_DEBUG_INFO = NO;
				MTL_FAST_MATH = YES;
				SDKROOT = iphoneos;
				SWIFT_COMPILATION_MODE = wholemodule;
				SWIFT_OPTIMIZATION_LEVEL = "-O";
				VALIDATE_PRODUCT = YES;
			};
			name = Release;
		};
		C7F4E3BE27CA4C2F0046B86E /* Debug */ = {
			isa = XCBuildConfiguration;
			baseConfigurationReference = CF1149893C72EA68DC9BF623 /* Pods-HealthQR.debug.xcconfig */;
			buildSettings = {
				ASSETCATALOG_COMPILER_APPICON_NAME = AppIcon;
				ASSETCATALOG_COMPILER_GLOBAL_ACCENT_COLOR_NAME = AccentColor;
				CODE_SIGN_STYLE = Automatic;
				CURRENT_PROJECT_VERSION = 1;
				GENERATE_INFOPLIST_FILE = YES;
				INFOPLIST_FILE = HealthQR/Info.plist;
				INFOPLIST_KEY_UIApplicationSupportsIndirectInputEvents = YES;
				INFOPLIST_KEY_UILaunchStoryboardName = LaunchScreen;
				INFOPLIST_KEY_UIMainStoryboardFile = Main;
				INFOPLIST_KEY_UISupportedInterfaceOrientations_iPad = "UIInterfaceOrientationPortrait UIInterfaceOrientationPortraitUpsideDown UIInterfaceOrientationLandscapeLeft UIInterfaceOrientationLandscapeRight";
				INFOPLIST_KEY_UISupportedInterfaceOrientations_iPhone = "UIInterfaceOrientationPortrait UIInterfaceOrientationLandscapeLeft UIInterfaceOrientationLandscapeRight";
				LD_RUNPATH_SEARCH_PATHS = (
					"$(inherited)",
					"@executable_path/Frameworks",
				);
				MARKETING_VERSION = 1.0;
				PRODUCT_BUNDLE_IDENTIFIER = com.isifip.HealthQR;
				PRODUCT_NAME = "$(TARGET_NAME)";
				SWIFT_EMIT_LOC_STRINGS = YES;
				SWIFT_VERSION = 5.0;
				TARGETED_DEVICE_FAMILY = "1,2";
			};
			name = Debug;
		};
		C7F4E3BF27CA4C2F0046B86E /* Release */ = {
			isa = XCBuildConfiguration;
			baseConfigurationReference = F8814CE2D0C6A7027B0EB917 /* Pods-HealthQR.release.xcconfig */;
			buildSettings = {
				ASSETCATALOG_COMPILER_APPICON_NAME = AppIcon;
				ASSETCATALOG_COMPILER_GLOBAL_ACCENT_COLOR_NAME = AccentColor;
				CODE_SIGN_STYLE = Automatic;
				CURRENT_PROJECT_VERSION = 1;
				GENERATE_INFOPLIST_FILE = YES;
				INFOPLIST_FILE = HealthQR/Info.plist;
				INFOPLIST_KEY_UIApplicationSupportsIndirectInputEvents = YES;
				INFOPLIST_KEY_UILaunchStoryboardName = LaunchScreen;
				INFOPLIST_KEY_UIMainStoryboardFile = Main;
				INFOPLIST_KEY_UISupportedInterfaceOrientations_iPad = "UIInterfaceOrientationPortrait UIInterfaceOrientationPortraitUpsideDown UIInterfaceOrientationLandscapeLeft UIInterfaceOrientationLandscapeRight";
				INFOPLIST_KEY_UISupportedInterfaceOrientations_iPhone = "UIInterfaceOrientationPortrait UIInterfaceOrientationLandscapeLeft UIInterfaceOrientationLandscapeRight";
				LD_RUNPATH_SEARCH_PATHS = (
					"$(inherited)",
					"@executable_path/Frameworks",
				);
				MARKETING_VERSION = 1.0;
				PRODUCT_BUNDLE_IDENTIFIER = com.isifip.HealthQR;
				PRODUCT_NAME = "$(TARGET_NAME)";
				SWIFT_EMIT_LOC_STRINGS = YES;
				SWIFT_VERSION = 5.0;
				TARGETED_DEVICE_FAMILY = "1,2";
			};
			name = Release;
		};
/* End XCBuildConfiguration section */

/* Begin XCConfigurationList section */
		C7F4E3A427CA4C2E0046B86E /* Build configuration list for PBXProject "HealthQR" */ = {
			isa = XCConfigurationList;
			buildConfigurations = (
				C7F4E3BB27CA4C2F0046B86E /* Debug */,
				C7F4E3BC27CA4C2F0046B86E /* Release */,
			);
			defaultConfigurationIsVisible = 0;
			defaultConfigurationName = Release;
		};
		C7F4E3BD27CA4C2F0046B86E /* Build configuration list for PBXNativeTarget "HealthQR" */ = {
			isa = XCConfigurationList;
			buildConfigurations = (
				C7F4E3BE27CA4C2F0046B86E /* Debug */,
				C7F4E3BF27CA4C2F0046B86E /* Release */,
			);
			defaultConfigurationIsVisible = 0;
			defaultConfigurationName = Release;
		};
/* End XCConfigurationList section */
	};
	rootObject = C7F4E3A127CA4C2E0046B86E /* Project object */;
}
